
Microsoft Visual Studio Solution File, Format Version 12.00
# Visual Studio Version 16
VisualStudioVersion = 16.0.29905.134
MinimumVisualStudioVersion = 10.0.40219.1
Project("{9A19103F-16F7-4668-BE54-9A1E7A4F7556}") = "PresentationLayer", "PRJ2_lcdDisplay\PresentationLayer.csproj", "{087A152D-1AB8-43D2-914A-7D91E6EED97C}"
EndProject
Project("{9A19103F-16F7-4668-BE54-9A1E7A4F7556}") = "LogicLayer", "LogicLayer\LogicLayer.csproj", "{65200414-48EB-4C03-B102-9F760960D84D}"
EndProject
Project("{FAE04EC0-301F-11D3-BF4B-00C04F79EFBC}") = "LocalDB", "LocalDB\LocalDB.csproj", "{140EA456-A5E1-45EC-A384-A8352BA19FD8}"
EndProject
Global
	GlobalSection(SolutionConfigurationPlatforms) = preSolution
		Debug|Any CPU = Debug|Any CPU
		Release|Any CPU = Release|Any CPU
	EndGlobalSection
	GlobalSection(ProjectConfigurationPlatforms) = postSolution
		{087A152D-1AB8-43D2-914A-7D91E6EED97C}.Debug|Any CPU.ActiveCfg = Debug|Any CPU
		{087A152D-1AB8-43D2-914A-7D91E6EED97C}.Debug|Any CPU.Build.0 = Debug|Any CPU
		{087A152D-1AB8-43D2-914A-7D91E6EED97C}.Release|Any CPU.ActiveCfg = Release|Any CPU
		{087A152D-1AB8-43D2-914A-7D91E6EED97C}.Release|Any CPU.Build.0 = Release|Any CPU
		{65200414-48EB-4C03-B102-9F760960D84D}.Debug|Any CPU.ActiveCfg = Debug|Any CPU
		{65200414-48EB-4C03-B102-9F760960D84D}.Debug|Any CPU.Build.0 = Debug|Any CPU
		{65200414-48EB-4C03-B102-9F760960D84D}.Release|Any CPU.ActiveCfg = Release|Any CPU
		{65200414-48EB-4C03-B102-9F760960D84D}.Release|Any CPU.Build.0 = Release|Any CPU
		{140EA456-A5E1-45EC-A384-A8352BA19FD8}.Debug|Any CPU.ActiveCfg = Debug|Any CPU
		{140EA456-A5E1-45EC-A384-A8352BA19FD8}.Debug|Any CPU.Build.0 = Debug|Any CPU
		{140EA456-A5E1-45EC-A384-A8352BA19FD8}.Release|Any CPU.ActiveCfg = Release|Any CPU
		{140EA456-A5E1-45EC-A384-A8352BA19FD8}.Release|Any CPU.Build.0 = Release|Any CPU
	EndGlobalSection
	GlobalSection(SolutionProperties) = preSolution
		HideSolutionNode = FALSE
	EndGlobalSection
	GlobalSection(ExtensibilityGlobals) = postSolution
		SolutionGuid = {6F0E9EB9-F3EB-47FC-AC5A-9A06C019C59B}
	EndGlobalSection
EndGlobal
