
Microsoft Visual Studio Solution File, Format Version 12.00
# Visual Studio Version 16
VisualStudioVersion = 16.0.29905.134
MinimumVisualStudioVersion = 10.0.40219.1
Project("{9A19103F-16F7-4668-BE54-9A1E7A4F7556}") = "PresentationLayer", "PRJ2_lcdDisplay\PresentationLayer.csproj", "{087A152D-1AB8-43D2-914A-7D91E6EED97C}"
EndProject
Project("{9A19103F-16F7-4668-BE54-9A1E7A4F7556}") = "LogicLayer", "LogicLayer\LogicLayer.csproj", "{65200414-48EB-4C03-B102-9F760960D84D}"
EndProject
Project("{FAE04EC0-301F-11D3-BF4B-00C04F79EFBC}") = "DTO", "DTO\DTO.csproj", "{56A47140-B5EF-4C2F-9FBB-54E585A59E4C}"
EndProject
Project("{FAE04EC0-301F-11D3-BF4B-00C04F79EFBC}") = "DataLayer", "DataLayer\DataLayer.csproj", "{141070E7-25E5-4169-A1F7-36257FAE8875}"
EndProject
Project("{2150E333-8FDC-42A3-9474-1A3956D46DE8}") = "Solution Items", "Solution Items", "{22BB6636-DDE6-46BA-B073-F34A7E210164}"
	ProjectSection(SolutionItems) = preProject
		Graph1.dgml = Graph1.dgml
		Graph2.dgml = Graph2.dgml
		XMLSchema1.xsd = XMLSchema1.xsd
	EndProjectSection
EndProject
Global
	GlobalSection(SolutionConfigurationPlatforms) = preSolution
		Debug|Any CPU = Debug|Any CPU
		Release|Any CPU = Release|Any CPU
	EndGlobalSection
	GlobalSection(ProjectConfigurationPlatforms) = postSolution
		{087A152D-1AB8-43D2-914A-7D91E6EED97C}.Debug|Any CPU.ActiveCfg = Debug|Any CPU
		{087A152D-1AB8-43D2-914A-7D91E6EED97C}.Debug|Any CPU.Build.0 = Debug|Any CPU
		{087A152D-1AB8-43D2-914A-7D91E6EED97C}.Release|Any CPU.ActiveCfg = Release|Any CPU
		{087A152D-1AB8-43D2-914A-7D91E6EED97C}.Release|Any CPU.Build.0 = Release|Any CPU
		{65200414-48EB-4C03-B102-9F760960D84D}.Debug|Any CPU.ActiveCfg = Debug|Any CPU
		{65200414-48EB-4C03-B102-9F760960D84D}.Debug|Any CPU.Build.0 = Debug|Any CPU
		{65200414-48EB-4C03-B102-9F760960D84D}.Release|Any CPU.ActiveCfg = Release|Any CPU
		{65200414-48EB-4C03-B102-9F760960D84D}.Release|Any CPU.Build.0 = Release|Any CPU
		{56A47140-B5EF-4C2F-9FBB-54E585A59E4C}.Debug|Any CPU.ActiveCfg = Debug|Any CPU
		{56A47140-B5EF-4C2F-9FBB-54E585A59E4C}.Debug|Any CPU.Build.0 = Debug|Any CPU
		{56A47140-B5EF-4C2F-9FBB-54E585A59E4C}.Release|Any CPU.ActiveCfg = Release|Any CPU
		{56A47140-B5EF-4C2F-9FBB-54E585A59E4C}.Release|Any CPU.Build.0 = Release|Any CPU
		{141070E7-25E5-4169-A1F7-36257FAE8875}.Debug|Any CPU.ActiveCfg = Debug|Any CPU
		{141070E7-25E5-4169-A1F7-36257FAE8875}.Debug|Any CPU.Build.0 = Debug|Any CPU
		{141070E7-25E5-4169-A1F7-36257FAE8875}.Release|Any CPU.ActiveCfg = Release|Any CPU
		{141070E7-25E5-4169-A1F7-36257FAE8875}.Release|Any CPU.Build.0 = Release|Any CPU
	EndGlobalSection
	GlobalSection(SolutionProperties) = preSolution
		HideSolutionNode = FALSE
	EndGlobalSection
	GlobalSection(ExtensibilityGlobals) = postSolution
		SolutionGuid = {6F0E9EB9-F3EB-47FC-AC5A-9A06C019C59B}
	EndGlobalSection
EndGlobal
